
Microsoft Visual Studio Solution File, Format Version 12.00
Project("{FAE04EC0-301F-11D3-BF4B-00C04F79EFBC}") = "TestMindBox", "TestMindBox\TestMindBox.csproj", "{49D6E5F0-4928-4D5B-92A2-02E9AFCE9835}"
EndProject
Global
	GlobalSection(SolutionConfigurationPlatforms) = preSolution
		Debug|Any CPU = Debug|Any CPU
		Release|Any CPU = Release|Any CPU
	EndGlobalSection
	GlobalSection(ProjectConfigurationPlatforms) = postSolution
		{49D6E5F0-4928-4D5B-92A2-02E9AFCE9835}.Debug|Any CPU.ActiveCfg = Debug|Any CPU
		{49D6E5F0-4928-4D5B-92A2-02E9AFCE9835}.Debug|Any CPU.Build.0 = Debug|Any CPU
		{49D6E5F0-4928-4D5B-92A2-02E9AFCE9835}.Release|Any CPU.ActiveCfg = Release|Any CPU
		{49D6E5F0-4928-4D5B-92A2-02E9AFCE9835}.Release|Any CPU.Build.0 = Release|Any CPU
	EndGlobalSection
EndGlobal
